
Microsoft Visual Studio Solution File, Format Version 12.00
# Visual Studio Version 17
VisualStudioVersion = 17.1.32328.378
MinimumVisualStudioVersion = 10.0.40219.1
Project("{FAE04EC0-301F-11D3-BF4B-00C04F79EFBC}") = "PostureAnalysing.WebApi", "PostureAnalysing.WebApi\PostureAnalysing.WebApi.csproj", "{EFC23359-DE34-4622-86D3-D95F37E11C0C}"
EndProject
Global
	GlobalSection(SolutionConfigurationPlatforms) = preSolution
		Debug|Any CPU = Debug|Any CPU
		Release|Any CPU = Release|Any CPU
	EndGlobalSection
	GlobalSection(ProjectConfigurationPlatforms) = postSolution
		{EFC23359-DE34-4622-86D3-D95F37E11C0C}.Debug|Any CPU.ActiveCfg = Debug|Any CPU
		{EFC23359-DE34-4622-86D3-D95F37E11C0C}.Debug|Any CPU.Build.0 = Debug|Any CPU
		{EFC23359-DE34-4622-86D3-D95F37E11C0C}.Release|Any CPU.ActiveCfg = Release|Any CPU
		{EFC23359-DE34-4622-86D3-D95F37E11C0C}.Release|Any CPU.Build.0 = Release|Any CPU
	EndGlobalSection
	GlobalSection(SolutionProperties) = preSolution
		HideSolutionNode = FALSE
	EndGlobalSection
	GlobalSection(ExtensibilityGlobals) = postSolution
		SolutionGuid = {97478156-B7E8-4E7F-9F73-9A6BD4358B69}
	EndGlobalSection
EndGlobal
