
Microsoft Visual Studio Solution File, Format Version 12.00
# Visual Studio Version 16
VisualStudioVersion = 16.0.32002.261
MinimumVisualStudioVersion = 10.0.40219.1
Project("{9A19103F-16F7-4668-BE54-9A1E7A4F7556}") = "AirQualityIndex", "AirQualityIndex\AirQualityIndex.csproj", "{AFAEB0D7-15E5-4B53-A4DA-65A4C3D8C2A1}"
EndProject
Project("{FAE04EC0-301F-11D3-BF4B-00C04F79EFBC}") = "GeneralHelper", "GeneralHelper\GeneralHelper.csproj", "{59195E09-418C-4812-BC54-9DA3F75DA2F9}"
EndProject
Global
	GlobalSection(SolutionConfigurationPlatforms) = preSolution
		Debug|Any CPU = Debug|Any CPU
		Release|Any CPU = Release|Any CPU
	EndGlobalSection
	GlobalSection(ProjectConfigurationPlatforms) = postSolution
		{AFAEB0D7-15E5-4B53-A4DA-65A4C3D8C2A1}.Debug|Any CPU.ActiveCfg = Debug|Any CPU
		{AFAEB0D7-15E5-4B53-A4DA-65A4C3D8C2A1}.Debug|Any CPU.Build.0 = Debug|Any CPU
		{AFAEB0D7-15E5-4B53-A4DA-65A4C3D8C2A1}.Release|Any CPU.ActiveCfg = Release|Any CPU
		{AFAEB0D7-15E5-4B53-A4DA-65A4C3D8C2A1}.Release|Any CPU.Build.0 = Release|Any CPU
		{59195E09-418C-4812-BC54-9DA3F75DA2F9}.Debug|Any CPU.ActiveCfg = Debug|Any CPU
		{59195E09-418C-4812-BC54-9DA3F75DA2F9}.Debug|Any CPU.Build.0 = Debug|Any CPU
		{59195E09-418C-4812-BC54-9DA3F75DA2F9}.Release|Any CPU.ActiveCfg = Release|Any CPU
		{59195E09-418C-4812-BC54-9DA3F75DA2F9}.Release|Any CPU.Build.0 = Release|Any CPU
	EndGlobalSection
	GlobalSection(SolutionProperties) = preSolution
		HideSolutionNode = FALSE
	EndGlobalSection
	GlobalSection(ExtensibilityGlobals) = postSolution
		SolutionGuid = {1F1BF812-CAE5-4F50-90BD-3C5E5FA57A0A}
	EndGlobalSection
EndGlobal
